{
  "nodes": {
    "home-manager": {
      "inputs": {
        "nixpkgs": [
          "nixpkgs"
        ]
      },
      "locked": {
        "lastModified": 1753592768,
        "narHash": "sha256-oV695RvbAE4+R9pcsT9shmp6zE/+IZe6evHWX63f2Qg=",
        "owner": "nix-community",
        "repo": "home-manager",
        "rev": "fc3add429f21450359369af74c2375cb34a2d204",
        "type": "github"
      },
      "original": {
        "owner": "nix-community",
        "ref": "release-25.05",
        "repo": "home-manager",
        "type": "github"
      }
    },
    "nixCats": {
      "locked": {
        "lastModified": 1753170780,
        "narHash": "sha256-rxnjPhOu7kr3REU8AhbKwRYnXHWlRXBqgWOO9MD0HyY=",
        "owner": "BirdeeHub",
        "repo": "nixCats-nvim",
        "rev": "e0c3fd5c218c808ce31e29caa91df43c65d7dfc6",
        "type": "github"
      },
      "original": {
        "owner": "BirdeeHub",
        "repo": "nixCats-nvim",
        "type": "github"
      }
    },
    "nixCats-nvim": {
      "inputs": {
        "nixCats": "nixCats",
        "nixpkgs": [
          "nixpkgs"
        ]
      },
      "locked": {
        "lastModified": 1755275597,
        "narHash": "sha256-4pSpYIAdR4qlF3ZnDF9TNIq/NxroeawgGxRSJ4ANeu0=",
        "ref": "main",
        "rev": "95d27964ffc6189084314db03936c72a24555bc2",
        "revCount": 48,
        "type": "git",
        "url": "https://github.com/bmblb3/nvim_nixcats"
      },
      "original": {
        "ref": "main",
        "type": "git",
        "url": "https://github.com/bmblb3/nvim_nixcats"
      }
    },
    "nixpkgs": {
      "locked": {
        "lastModified": 1754028485,
        "narHash": "sha256-IiiXB3BDTi6UqzAZcf2S797hWEPCRZOwyNThJIYhUfk=",
        "owner": "NixOS",
        "repo": "nixpkgs",
        "rev": "59e69648d345d6e8fef86158c555730fa12af9de",
        "type": "github"
      },
      "original": {
        "owner": "NixOS",
        "ref": "nixos-25.05",
        "repo": "nixpkgs",
        "type": "github"
      }
    },
    "root": {
      "inputs": {
        "home-manager": "home-manager",
        "nixCats-nvim": "nixCats-nvim",
        "nixpkgs": "nixpkgs"
      }
    }
  },
  "root": "root",
  "version": 7
}
